
Microsoft Visual Studio Solution File, Format Version 12.00
# Visual Studio Version 16
VisualStudioVersion = 25.0.1703.0
MinimumVisualStudioVersion = 10.0.40219.1
Project("{FAE04EC0-301F-11D3-BF4B-00C04F79EFBC}") = "DZ13_CSHARP", "DZ13_CSHARP\DZ13_CSHARP.csproj", "{583212B7-8D64-4B80-96D6-6F9DF620EEEC}"
EndProject
Global
	GlobalSection(SolutionConfigurationPlatforms) = preSolution
		Debug|Any CPU = Debug|Any CPU
		Release|Any CPU = Release|Any CPU
	EndGlobalSection
	GlobalSection(ProjectConfigurationPlatforms) = postSolution
		{583212B7-8D64-4B80-96D6-6F9DF620EEEC}.Debug|Any CPU.ActiveCfg = Debug|Any CPU
		{583212B7-8D64-4B80-96D6-6F9DF620EEEC}.Debug|Any CPU.Build.0 = Debug|Any CPU
		{583212B7-8D64-4B80-96D6-6F9DF620EEEC}.Release|Any CPU.ActiveCfg = Release|Any CPU
		{583212B7-8D64-4B80-96D6-6F9DF620EEEC}.Release|Any CPU.Build.0 = Release|Any CPU
	EndGlobalSection
	GlobalSection(SolutionProperties) = preSolution
		HideSolutionNode = FALSE
	EndGlobalSection
	GlobalSection(ExtensibilityGlobals) = postSolution
		SolutionGuid = {ECC46920-1990-47EC-90F5-DBE5FA719712}
	EndGlobalSection
EndGlobal
